
Microsoft Visual Studio Solution File, Format Version 12.00
Project("{FAE04EC0-301F-11D3-BF4B-00C04F79EFBC}") = "OSCLeashNet", "OSCLeashNet\OSCLeashNet.csproj", "{B517BDB6-FEE9-4CAB-A94D-0544DBA441C3}"
EndProject
Global
	GlobalSection(SolutionConfigurationPlatforms) = preSolution
		Debug|Any CPU = Debug|Any CPU
		Release|Any CPU = Release|Any CPU
	EndGlobalSection
	GlobalSection(ProjectConfigurationPlatforms) = postSolution
		{B517BDB6-FEE9-4CAB-A94D-0544DBA441C3}.Debug|Any CPU.ActiveCfg = Debug|Any CPU
		{B517BDB6-FEE9-4CAB-A94D-0544DBA441C3}.Debug|Any CPU.Build.0 = Debug|Any CPU
		{B517BDB6-FEE9-4CAB-A94D-0544DBA441C3}.Release|Any CPU.ActiveCfg = Release|Any CPU
		{B517BDB6-FEE9-4CAB-A94D-0544DBA441C3}.Release|Any CPU.Build.0 = Release|Any CPU
	EndGlobalSection
EndGlobal
